
Microsoft Visual Studio Solution File, Format Version 12.00
# Visual Studio Version 17
VisualStudioVersion = 17.7.34031.279
MinimumVisualStudioVersion = 10.0.40219.1
Project("{FAE04EC0-301F-11D3-BF4B-00C04F79EFBC}") = "final-api-17", "final-api-17\final-api-17.csproj", "{AF160095-4561-4B98-B0D9-A09EE32A29BE}"
EndProject
Global
	GlobalSection(SolutionConfigurationPlatforms) = preSolution
		Debug|Any CPU = Debug|Any CPU
		Release|Any CPU = Release|Any CPU
	EndGlobalSection
	GlobalSection(ProjectConfigurationPlatforms) = postSolution
		{AF160095-4561-4B98-B0D9-A09EE32A29BE}.Debug|Any CPU.ActiveCfg = Debug|Any CPU
		{AF160095-4561-4B98-B0D9-A09EE32A29BE}.Debug|Any CPU.Build.0 = Debug|Any CPU
		{AF160095-4561-4B98-B0D9-A09EE32A29BE}.Release|Any CPU.ActiveCfg = Release|Any CPU
		{AF160095-4561-4B98-B0D9-A09EE32A29BE}.Release|Any CPU.Build.0 = Release|Any CPU
	EndGlobalSection
	GlobalSection(SolutionProperties) = preSolution
		HideSolutionNode = FALSE
	EndGlobalSection
	GlobalSection(ExtensibilityGlobals) = postSolution
		SolutionGuid = {D0794F4F-0E3A-4352-BB6A-7D6AFD73F295}
	EndGlobalSection
EndGlobal
